# This file is automatically @generated by Cargo.
# It is not intended for manual editing.
version = 4

[[package]]
name = "common"
version = "0.1.0"

[[package]]
name = "quest01"
version = "0.1.0"
dependencies = [
 "common",
]

[[package]]
name = "quest02"
version = "0.1.0"
dependencies = [
 "common",
]

[[package]]
name = "quest03"
version = "0.1.0"
dependencies = [
 "common",
]

[[package]]
name = "quest04"
version = "0.1.0"
dependencies = [
 "common",
]

[[package]]
name = "quest05"
version = "0.1.0"
dependencies = [
 "common",
]
